
Microsoft Visual Studio Solution File, Format Version 12.00
# Visual Studio Version 16
VisualStudioVersion = 16.0.30330.147
MinimumVisualStudioVersion = 10.0.40219.1
Project("{8BC9CEB8-8B4A-11D0-8D11-00A0C91BC942}") = "pathedit", "pathedit.vcxproj", "{15ED9E0D-DFF7-4F27-9CFA-4FAC506918A5}"
EndProject
Global
	GlobalSection(SolutionConfigurationPlatforms) = preSolution
		Debug|x64 = Debug|x64
		Debug|x86 = Debug|x86
		Release|x64 = Release|x64
		Release|x86 = Release|x86
	EndGlobalSection
	GlobalSection(ProjectConfigurationPlatforms) = postSolution
		{15ED9E0D-DFF7-4F27-9CFA-4FAC506918A5}.Debug|x64.ActiveCfg = Debug|x64
		{15ED9E0D-DFF7-4F27-9CFA-4FAC506918A5}.Debug|x64.Build.0 = Debug|x64
		{15ED9E0D-DFF7-4F27-9CFA-4FAC506918A5}.Debug|x86.ActiveCfg = Debug|Win32
		{15ED9E0D-DFF7-4F27-9CFA-4FAC506918A5}.Debug|x86.Build.0 = Debug|Win32
		{15ED9E0D-DFF7-4F27-9CFA-4FAC506918A5}.Release|x64.ActiveCfg = Release|x64
		{15ED9E0D-DFF7-4F27-9CFA-4FAC506918A5}.Release|x64.Build.0 = Release|x64
		{15ED9E0D-DFF7-4F27-9CFA-4FAC506918A5}.Release|x86.ActiveCfg = Release|Win32
		{15ED9E0D-DFF7-4F27-9CFA-4FAC506918A5}.Release|x86.Build.0 = Release|Win32
	EndGlobalSection
	GlobalSection(SolutionProperties) = preSolution
		HideSolutionNode = FALSE
	EndGlobalSection
	GlobalSection(ExtensibilityGlobals) = postSolution
		SolutionGuid = {A5816A82-16BF-49D2-A448-0DD055018A56}
	EndGlobalSection
EndGlobal
